// !$*UTF8*$!
{
	archiveVersion = 1;
	classes = {
	};
	objectVersion = 46;
	objects = {

/* Begin PBXBuildFile section */
		17D41E591D7EE0CA0031415E /* RCTBEEPickerManager.h in CopyFiles */ = {isa = PBXBuildFile; fileRef = 17D41E581D7EE0CA0031415E /* RCTBEEPickerManager.h */; };
		17D41E5B1D7EE0CA0031415E /* RCTBEEPickerManager.m in Sources */ = {isa = PBXBuildFile; fileRef = 17D41E5A1D7EE0CA0031415E /* RCTBEEPickerManager.m */; };
		17D41E631D7EE0EE0031415E /* BzwPicker.m in Sources */ = {isa = PBXBuildFile; fileRef = 17D41E621D7EE0EE0031415E /* BzwPicker.m */; };
/* End PBXBuildFile section */

/* Begin PBXCopyFilesBuildPhase section */
		17D41E531D7EE0CA0031415E /* CopyFiles */ = {
			isa = PBXCopyFilesBuildPhase;
			buildActionMask = 2147483647;
			dstPath = "include/$(PRODUCT_NAME)";
			dstSubfolderSpec = 16;
			files = (
				17D41E591D7EE0CA0031415E /* RCTBEEPickerManager.h in CopyFiles */,
			);
			runOnlyForDeploymentPostprocessing = 0;
		};
/* End PBXCopyFilesBuildPhase section */

/* Begin PBXFileReference section */
		17D41E551D7EE0CA0031415E /* libRCTBEEPickerManager.a */ = {isa = PBXFileReference; explicitFileType = archive.ar; includeInIndex = 0; path = libRCTBEEPickerManager.a; sourceTree = BUILT_PRODUCTS_DIR; };
		17D41E581D7EE0CA0031415E /* RCTBEEPickerManager.h */ = {isa = PBXFileReference; lastKnownFileType = sourcecode.c.h; path = RCTBEEPickerManager.h; sourceTree = "<group>"; };
		17D41E5A1D7EE0CA0031415E /* RCTBEEPickerManager.m */ = {isa = PBXFileReference; lastKnownFileType = sourcecode.c.objc; path = RCTBEEPickerManager.m; sourceTree = "<group>"; };
		17D41E611D7EE0EE0031415E /* BzwPicker.h */ = {isa = PBXFileReference; fileEncoding = 4; lastKnownFileType = sourcecode.c.h; path = BzwPicker.h; sourceTree = "<group>"; };
		17D41E621D7EE0EE0031415E /* BzwPicker.m */ = {isa = PBXFileReference; fileEncoding = 4; lastKnownFileType = sourcecode.c.objc; path = BzwPicker.m; sourceTree = "<group>"; };
/* End PBXFileReference section */

/* Begin PBXFrameworksBuildPhase section */
		17D41E521D7EE0CA0031415E /* Frameworks */ = {
			isa = PBXFrameworksBuildPhase;
			buildActionMask = 2147483647;
			files = (
			);
			runOnlyForDeploymentPostprocessing = 0;
		};
/* End PBXFrameworksBuildPhase section */

/* Begin PBXGroup section */
		17D41E4C1D7EE0CA0031415E = {
			isa = PBXGroup;
			children = (
				17D41E571D7EE0CA0031415E /* RCTBEEPickerManager */,
				17D41E561D7EE0CA0031415E /* Products */,
			);
			sourceTree = "<group>";
		};
		17D41E561D7EE0CA0031415E /* Products */ = {
			isa = PBXGroup;
			children = (
				17D41E551D7EE0CA0031415E /* libRCTBEEPickerManager.a */,
			);
			name = Products;
			sourceTree = "<group>";
		};
		17D41E571D7EE0CA0031415E /* RCTBEEPickerManager */ = {
			isa = PBXGroup;
			children = (
				17D41E611D7EE0EE0031415E /* BzwPicker.h */,
				17D41E621D7EE0EE0031415E /* BzwPicker.m */,
				17D41E581D7EE0CA0031415E /* RCTBEEPickerManager.h */,
				17D41E5A1D7EE0CA0031415E /* RCTBEEPickerManager.m */,
			);
			path = RCTBEEPickerManager;
			sourceTree = "<group>";
		};
/* End PBXGroup section */

/* Begin PBXNativeTarget section */
		17D41E541D7EE0CA0031415E /* RCTBEEPickerManager */ = {
			isa = PBXNativeTarget;
			buildConfigurationList = 17D41E5E1D7EE0CA0031415E /* Build configuration list for PBXNativeTarget "RCTBEEPickerManager" */;
			buildPhases = (
				17D41E511D7EE0CA0031415E /* Sources */,
				17D41E521D7EE0CA0031415E /* Frameworks */,
				17D41E531D7EE0CA0031415E /* CopyFiles */,
			);
			buildRules = (
			);
			dependencies = (
			);
			name = RCTBEEPickerManager;
			productName = RCTBEEPickerManager;
			productReference = 17D41E551D7EE0CA0031415E /* libRCTBEEPickerManager.a */;
			productType = "com.apple.product-type.library.static";
		};
/* End PBXNativeTarget section */

/* Begin PBXProject section */
		17D41E4D1D7EE0CA0031415E /* Project object */ = {
			isa = PBXProject;
			attributes = {
				LastUpgradeCheck = 0720;
				ORGANIZATIONNAME = "MFHJ-DZ-001-417";
				TargetAttributes = {
					17D41E541D7EE0CA0031415E = {
						CreatedOnToolsVersion = 7.2.1;
					};
				};
			};
			buildConfigurationList = 17D41E501D7EE0CA0031415E /* Build configuration list for PBXProject "RCTBEEPickerManager" */;
			compatibilityVersion = "Xcode 3.2";
			developmentRegion = English;
			hasScannedForEncodings = 0;
			knownRegions = (
				en,
			);
			mainGroup = 17D41E4C1D7EE0CA0031415E;
			productRefGroup = 17D41E561D7EE0CA0031415E /* Products */;
			projectDirPath = "";
			projectRoot = "";
			targets = (
				17D41E541D7EE0CA0031415E /* RCTBEEPickerManager */,
			);
		};
/* End PBXProject section */

/* Begin PBXSourcesBuildPhase section */
		17D41E511D7EE0CA0031415E /* Sources */ = {
			isa = PBXSourcesBuildPhase;
			buildActionMask = 2147483647;
			files = (
				17D41E5B1D7EE0CA0031415E /* RCTBEEPickerManager.m in Sources */,
				17D41E631D7EE0EE0031415E /* BzwPicker.m in Sources */,
			);
			runOnlyForDeploymentPostprocessing = 0;
		};
/* End PBXSourcesBuildPhase section */

/* Begin XCBuildConfiguration section */
		17D41E5C1D7EE0CA0031415E /* Debug */ = {
			isa = XCBuildConfiguration;
			buildSettings = {
				ALWAYS_SEARCH_USER_PATHS = NO;
				CLANG_CXX_LANGUAGE_STANDARD = "gnu++0x";
				CLANG_CXX_LIBRARY = "libc++";
				CLANG_ENABLE_MODULES = YES;
				CLANG_ENABLE_OBJC_ARC = YES;
				CLANG_WARN_BOOL_CONVERSION = YES;
				CLANG_WARN_CONSTANT_CONVERSION = YES;
				CLANG_WARN_DIRECT_OBJC_ISA_USAGE = YES_ERROR;
				CLANG_WARN_EMPTY_BODY = YES;
				CLANG_WARN_ENUM_CONVERSION = YES;
				CLANG_WARN_INT_CONVERSION = YES;
				CLANG_WARN_OBJC_ROOT_CLASS = YES_ERROR;
				CLANG_WARN_UNREACHABLE_CODE = YES;
				CLANG_WARN__DUPLICATE_METHOD_MATCH = YES;
				"CODE_SIGN_IDENTITY[sdk=iphoneos*]" = "iPhone Developer";
				COPY_PHASE_STRIP = NO;
				DEBUG_INFORMATION_FORMAT = dwarf;
				ENABLE_STRICT_OBJC_MSGSEND = YES;
				ENABLE_TESTABILITY = YES;
				GCC_C_LANGUAGE_STANDARD = gnu99;
				GCC_DYNAMIC_NO_PIC = NO;
				GCC_NO_COMMON_BLOCKS = YES;
				GCC_OPTIMIZATION_LEVEL = 0;
				GCC_PREPROCESSOR_DEFINITIONS = (
					"DEBUG=1",
					"$(inherited)",
				);
				GCC_WARN_64_TO_32_BIT_CONVERSION = YES;
				GCC_WARN_ABOUT_RETURN_TYPE = YES_ERROR;
				GCC_WARN_UNDECLARED_SELECTOR = YES;
				GCC_WARN_UNINITIALIZED_AUTOS = YES_AGGRESSIVE;
				GCC_WARN_UNUSED_FUNCTION = YES;
				GCC_WARN_UNUSED_VARIABLE = YES;
				IPHONEOS_DEPLOYMENT_TARGET = 7.0;
				MTL_ENABLE_DEBUG_INFO = YES;
				ONLY_ACTIVE_ARCH = YES;
				SDKROOT = iphoneos;
			};
			name = Debug;
		};
		17D41E5D1D7EE0CA0031415E /* Release */ = {
			isa = XCBuildConfiguration;
			buildSettings = {
				ALWAYS_SEARCH_USER_PATHS = NO;
				CLANG_CXX_LANGUAGE_STANDARD = "gnu++0x";
				CLANG_CXX_LIBRARY = "libc++";
				CLANG_ENABLE_MODULES = YES;
				CLANG_ENABLE_OBJC_ARC = YES;
				CLANG_WARN_BOOL_CONVERSION = YES;
				CLANG_WARN_CONSTANT_CONVERSION = YES;
				CLANG_WARN_DIRECT_OBJC_ISA_USAGE = YES_ERROR;
				CLANG_WARN_EMPTY_BODY = YES;
				CLANG_WARN_ENUM_CONVERSION = YES;
				CLANG_WARN_INT_CONVERSION = YES;
				CLANG_WARN_OBJC_ROOT_CLASS = YES_ERROR;
				CLANG_WARN_UNREACHABLE_CODE = YES;
				CLANG_WARN__DUPLICATE_METHOD_MATCH = YES;
				"CODE_SIGN_IDENTITY[sdk=iphoneos*]" = "iPhone Developer";
				COPY_PHASE_STRIP = NO;
				DEBUG_INFORMATION_FORMAT = "dwarf-with-dsym";
				ENABLE_NS_ASSERTIONS = NO;
				ENABLE_STRICT_OBJC_MSGSEND = YES;
				GCC_C_LANGUAGE_STANDARD = gnu99;
				GCC_NO_COMMON_BLOCKS = YES;
				GCC_WARN_64_TO_32_BIT_CONVERSION = YES;
				GCC_WARN_ABOUT_RETURN_TYPE = YES_ERROR;
				GCC_WARN_UNDECLARED_SELECTOR = YES;
				GCC_WARN_UNINITIALIZED_AUTOS = YES_AGGRESSIVE;
				GCC_WARN_UNUSED_FUNCTION = YES;
				GCC_WARN_UNUSED_VARIABLE = YES;
				IPHONEOS_DEPLOYMENT_TARGET = 7.0;
				MTL_ENABLE_DEBUG_INFO = NO;
				SDKROOT = iphoneos;
				VALIDATE_PRODUCT = YES;
			};
			name = Release;
		};
		17D41E5F1D7EE0CA0031415E /* Debug */ = {
			isa = XCBuildConfiguration;
			buildSettings = {
				HEADER_SEARCH_PATHS = (
					"$(inherited)",
					"$(SRCROOT)/../../react-native/React/**",
				);
				OTHER_LDFLAGS = "-ObjC";
				PRODUCT_NAME = "$(TARGET_NAME)";
				SKIP_INSTALL = YES;
			};
			name = Debug;
		};
		17D41E601D7EE0CA0031415E /* Release */ = {
			isa = XCBuildConfiguration;
			buildSettings = {
				HEADER_SEARCH_PATHS = (
					"$(inherited)",
					"$(SRCROOT)/../../react-native/React/**",
				);
				OTHER_LDFLAGS = "-ObjC";
				PRODUCT_NAME = "$(TARGET_NAME)";
				SKIP_INSTALL = YES;
			};
			name = Release;
		};
/* End XCBuildConfiguration section */

/* Begin XCConfigurationList section */
		17D41E501D7EE0CA0031415E /* Build configuration list for PBXProject "RCTBEEPickerManager" */ = {
			isa = XCConfigurationList;
			buildConfigurations = (
				17D41E5C1D7EE0CA0031415E /* Debug */,
				17D41E5D1D7EE0CA0031415E /* Release */,
			);
			defaultConfigurationIsVisible = 0;
			defaultConfigurationName = Release;
		};
		17D41E5E1D7EE0CA0031415E /* Build configuration list for PBXNativeTarget "RCTBEEPickerManager" */ = {
			isa = XCConfigurationList;
			buildConfigurations = (
				17D41E5F1D7EE0CA0031415E /* Debug */,
				17D41E601D7EE0CA0031415E /* Release */,
			);
			defaultConfigurationIsVisible = 0;
		};
/* End XCConfigurationList section */
	};
	rootObject = 17D41E4D1D7EE0CA0031415E /* Project object */;
}
